{
    "requires": true,
    "lockfileVersion": 1,
    "dependencies": {
        "prettier-plugin-blade": {
            "version": "2.1.21",
            "resolved": "https://registry.npmjs.org/prettier-plugin-blade/-/prettier-plugin-blade-2.1.21.tgz",
            "integrity": "sha512-+BPBPvla/Ppr0MVrqMAO+FTwxpXUYo8zhQPIGC7psNuMbB24y84cGrJ4Uc02GHTQN0q8txeG4Y4MxyJWgOujyQ==",
            "dev": true
        }
    }
}
